{
  "originHash" : "12d631ba1b4cd54f2781d6b02988eca3535ddb68071854220e155be751edb27a",
  "pins" : [
    {
      "identity" : "brooklyn",
      "kind" : "remoteSourceControl",
      "location" : "https://github.com/BrooklynSwift/Brooklyn",
      "state" : {
        "branch" : "main",
        "revision" : "26fa66544dd6e33c170fed4a4fe2c48e162350db"
      }
    },
    {
      "identity" : "htmlcoretype",
      "kind" : "remoteSourceControl",
      "location" : "https://github.com/BrooklynSwift/HTMLCoreType",
      "state" : {
        "branch" : "main",
        "revision" : "a7dea32a7082989cf60138408424afad66f9d81b"
      }
    },
    {
      "identity" : "swift-argument-parser",
      "kind" : "remoteSourceControl",
      "location" : "https://github.com/apple/swift-argument-parser",
      "state" : {
        "revision" : "41982a3656a71c768319979febd796c6fd111d5c",
        "version" : "1.5.0"
      }
    },
    {
      "identity" : "swift-syntax",
      "kind" : "remoteSourceControl",
      "location" : "https://github.com/apple/swift-syntax",
      "state" : {
        "revision" : "64889f0c732f210a935a0ad7cda38f77f876262d",
        "version" : "509.1.1"
      }
    }
  ],
  "version" : 3
}
